// !$*UTF8*$!
{
	archiveVersion = 1;
	classes = {
	};
	objectVersion = 48;
	objects = {

/* Begin PBXBuildFile section */
		EFE7C5671EEFDF0000B34088 /* AppDelegate.swift in Sources */ = {isa = PBXBuildFile; fileRef = EFE7C5661EEFDF0000B34088 /* AppDelegate.swift */; };
		EFE7C5691EEFDF0000B34088 /* ViewController.swift in Sources */ = {isa = PBXBuildFile; fileRef = EFE7C5681EEFDF0000B34088 /* ViewController.swift */; };
		EFE7C56C1EEFDF0000B34088 /* Main.storyboard in Resources */ = {isa = PBXBuildFile; fileRef = EFE7C56A1EEFDF0000B34088 /* Main.storyboard */; };
		EFE7C56E1EEFDF0000B34088 /* Assets.xcassets in Resources */ = {isa = PBXBuildFile; fileRef = EFE7C56D1EEFDF0000B34088 /* Assets.xcassets */; };
		EFE7C5711EEFDF0000B34088 /* LaunchScreen.storyboard in Resources */ = {isa = PBXBuildFile; fileRef = EFE7C56F1EEFDF0000B34088 /* LaunchScreen.storyboard */; };
		EFE7C57C1EEFDF0000B34088 /* InstagramTests.swift in Sources */ = {isa = PBXBuildFile; fileRef = EFE7C57B1EEFDF0000B34088 /* InstagramTests.swift */; };
		EFE7C5871EEFDF0000B34088 /* InstagramUITests.swift in Sources */ = {isa = PBXBuildFile; fileRef = EFE7C5861EEFDF0000B34088 /* InstagramUITests.swift */; };
/* End PBXBuildFile section */

/* Begin PBXContainerItemProxy section */
		EFE7C5781EEFDF0000B34088 /* PBXContainerItemProxy */ = {
			isa = PBXContainerItemProxy;
			containerPortal = EFE7C55B1EEFDF0000B34088 /* Project object */;
			proxyType = 1;
			remoteGlobalIDString = EFE7C5621EEFDF0000B34088;
			remoteInfo = Instagram;
		};
		EFE7C5831EEFDF0000B34088 /* PBXContainerItemProxy */ = {
			isa = PBXContainerItemProxy;
			containerPortal = EFE7C55B1EEFDF0000B34088 /* Project object */;
			proxyType = 1;
			remoteGlobalIDString = EFE7C5621EEFDF0000B34088;
			remoteInfo = Instagram;
		};
/* End PBXContainerItemProxy section */

/* Begin PBXFileReference section */
		EFE7C5631EEFDF0000B34088 /* Instagram.app */ = {isa = PBXFileReference; explicitFileType = wrapper.application; includeInIndex = 0; path = Instagram.app; sourceTree = BUILT_PRODUCTS_DIR; };
		EFE7C5661EEFDF0000B34088 /* AppDelegate.swift */ = {isa = PBXFileReference; lastKnownFileType = sourcecode.swift; path = AppDelegate.swift; sourceTree = "<group>"; };
		EFE7C5681EEFDF0000B34088 /* ViewController.swift */ = {isa = PBXFileReference; lastKnownFileType = sourcecode.swift; path = ViewController.swift; sourceTree = "<group>"; };
		EFE7C56B1EEFDF0000B34088 /* Base */ = {isa = PBXFileReference; lastKnownFileType = file.storyboard; name = Base; path = Base.lproj/Main.storyboard; sourceTree = "<group>"; };
		EFE7C56D1EEFDF0000B34088 /* Assets.xcassets */ = {isa = PBXFileReference; lastKnownFileType = folder.assetcatalog; path = Assets.xcassets; sourceTree = "<group>"; };
		EFE7C5701EEFDF0000B34088 /* Base */ = {isa = PBXFileReference; lastKnownFileType = file.storyboard; name = Base; path = Base.lproj/LaunchScreen.storyboard; sourceTree = "<group>"; };
		EFE7C5721EEFDF0000B34088 /* Info.plist */ = {isa = PBXFileReference; lastKnownFileType = text.plist.xml; path = Info.plist; sourceTree = "<group>"; };
		EFE7C5771EEFDF0000B34088 /* InstagramTests.xctest */ = {isa = PBXFileReference; explicitFileType = wrapper.cfbundle; includeInIndex = 0; path = InstagramTests.xctest; sourceTree = BUILT_PRODUCTS_DIR; };
		EFE7C57B1EEFDF0000B34088 /* InstagramTests.swift */ = {isa = PBXFileReference; lastKnownFileType = sourcecode.swift; path = InstagramTests.swift; sourceTree = "<group>"; };
		EFE7C57D1EEFDF0000B34088 /* Info.plist */ = {isa = PBXFileReference; lastKnownFileType = text.plist.xml; path = Info.plist; sourceTree = "<group>"; };
		EFE7C5821EEFDF0000B34088 /* InstagramUITests.xctest */ = {isa = PBXFileReference; explicitFileType = wrapper.cfbundle; includeInIndex = 0; path = InstagramUITests.xctest; sourceTree = BUILT_PRODUCTS_DIR; };
		EFE7C5861EEFDF0000B34088 /* InstagramUITests.swift */ = {isa = PBXFileReference; lastKnownFileType = sourcecode.swift; path = InstagramUITests.swift; sourceTree = "<group>"; };
		EFE7C5881EEFDF0000B34088 /* Info.plist */ = {isa = PBXFileReference; lastKnownFileType = text.plist.xml; path = Info.plist; sourceTree = "<group>"; };
/* End PBXFileReference section */

/* Begin PBXFrameworksBuildPhase section */
		EFE7C5601EEFDF0000B34088 /* Frameworks */ = {
			isa = PBXFrameworksBuildPhase;
			buildActionMask = 2147483647;
			files = (
			);
			runOnlyForDeploymentPostprocessing = 0;
		};
		EFE7C5741EEFDF0000B34088 /* Frameworks */ = {
			isa = PBXFrameworksBuildPhase;
			buildActionMask = 2147483647;
			files = (
			);
			runOnlyForDeploymentPostprocessing = 0;
		};
		EFE7C57F1EEFDF0000B34088 /* Frameworks */ = {
			isa = PBXFrameworksBuildPhase;
			buildActionMask = 2147483647;
			files = (
			);
			runOnlyForDeploymentPostprocessing = 0;
		};
/* End PBXFrameworksBuildPhase section */

/* Begin PBXGroup section */
		EFE7C55A1EEFDF0000B34088 = {
			isa = PBXGroup;
			children = (
				EFE7C5651EEFDF0000B34088 /* Instagram */,
				EFE7C57A1EEFDF0000B34088 /* InstagramTests */,
				EFE7C5851EEFDF0000B34088 /* InstagramUITests */,
				EFE7C5641EEFDF0000B34088 /* Products */,
			);
			sourceTree = "<group>";
		};
		EFE7C5641EEFDF0000B34088 /* Products */ = {
			isa = PBXGroup;
			children = (
				EFE7C5631EEFDF0000B34088 /* Instagram.app */,
				EFE7C5771EEFDF0000B34088 /* InstagramTests.xctest */,
				EFE7C5821EEFDF0000B34088 /* InstagramUITests.xctest */,
			);
			name = Products;
			sourceTree = "<group>";
		};
		EFE7C5651EEFDF0000B34088 /* Instagram */ = {
			isa = PBXGroup;
			children = (
				EFE7C5661EEFDF0000B34088 /* AppDelegate.swift */,
				EFE7C5681EEFDF0000B34088 /* ViewController.swift */,
				EFE7C56A1EEFDF0000B34088 /* Main.storyboard */,
				EFE7C56D1EEFDF0000B34088 /* Assets.xcassets */,
				EFE7C56F1EEFDF0000B34088 /* LaunchScreen.storyboard */,
				EFE7C5721EEFDF0000B34088 /* Info.plist */,
			);
			path = Instagram;
			sourceTree = "<group>";
		};
		EFE7C57A1EEFDF0000B34088 /* InstagramTests */ = {
			isa = PBXGroup;
			children = (
				EFE7C57B1EEFDF0000B34088 /* InstagramTests.swift */,
				EFE7C57D1EEFDF0000B34088 /* Info.plist */,
			);
			path = InstagramTests;
			sourceTree = "<group>";
		};
		EFE7C5851EEFDF0000B34088 /* InstagramUITests */ = {
			isa = PBXGroup;
			children = (
				EFE7C5861EEFDF0000B34088 /* InstagramUITests.swift */,
				EFE7C5881EEFDF0000B34088 /* Info.plist */,
			);
			path = InstagramUITests;
			sourceTree = "<group>";
		};
/* End PBXGroup section */

/* Begin PBXNativeTarget section */
		EFE7C5621EEFDF0000B34088 /* Instagram */ = {
			isa = PBXNativeTarget;
			buildConfigurationList = EFE7C58B1EEFDF0000B34088 /* Build configuration list for PBXNativeTarget "Instagram" */;
			buildPhases = (
				EFE7C55F1EEFDF0000B34088 /* Sources */,
				EFE7C5601EEFDF0000B34088 /* Frameworks */,
				EFE7C5611EEFDF0000B34088 /* Resources */,
			);
			buildRules = (
			);
			dependencies = (
			);
			name = Instagram;
			productName = Instagram;
			productReference = EFE7C5631EEFDF0000B34088 /* Instagram.app */;
			productType = "com.apple.product-type.application";
		};
		EFE7C5761EEFDF0000B34088 /* InstagramTests */ = {
			isa = PBXNativeTarget;
			buildConfigurationList = EFE7C58E1EEFDF0000B34088 /* Build configuration list for PBXNativeTarget "InstagramTests" */;
			buildPhases = (
				EFE7C5731EEFDF0000B34088 /* Sources */,
				EFE7C5741EEFDF0000B34088 /* Frameworks */,
				EFE7C5751EEFDF0000B34088 /* Resources */,
			);
			buildRules = (
			);
			dependencies = (
				EFE7C5791EEFDF0000B34088 /* PBXTargetDependency */,
			);
			name = InstagramTests;
			productName = InstagramTests;
			productReference = EFE7C5771EEFDF0000B34088 /* InstagramTests.xctest */;
			productType = "com.apple.product-type.bundle.unit-test";
		};
		EFE7C5811EEFDF0000B34088 /* InstagramUITests */ = {
			isa = PBXNativeTarget;
			buildConfigurationList = EFE7C5911EEFDF0000B34088 /* Build configuration list for PBXNativeTarget "InstagramUITests" */;
			buildPhases = (
				EFE7C57E1EEFDF0000B34088 /* Sources */,
				EFE7C57F1EEFDF0000B34088 /* Frameworks */,
				EFE7C5801EEFDF0000B34088 /* Resources */,
			);
			buildRules = (
			);
			dependencies = (
				EFE7C5841EEFDF0000B34088 /* PBXTargetDependency */,
			);
			name = InstagramUITests;
			productName = InstagramUITests;
			productReference = EFE7C5821EEFDF0000B34088 /* InstagramUITests.xctest */;
			productType = "com.apple.product-type.bundle.ui-testing";
		};
/* End PBXNativeTarget section */

/* Begin PBXProject section */
		EFE7C55B1EEFDF0000B34088 /* Project object */ = {
			isa = PBXProject;
			attributes = {
				LastSwiftUpdateCheck = 0900;
				LastUpgradeCheck = 0900;
				ORGANIZATIONNAME = "Robert Percival";
				TargetAttributes = {
					EFE7C5621EEFDF0000B34088 = {
						CreatedOnToolsVersion = 9.0;
					};
					EFE7C5761EEFDF0000B34088 = {
						CreatedOnToolsVersion = 9.0;
						TestTargetID = EFE7C5621EEFDF0000B34088;
					};
					EFE7C5811EEFDF0000B34088 = {
						CreatedOnToolsVersion = 9.0;
						TestTargetID = EFE7C5621EEFDF0000B34088;
					};
				};
			};
			buildConfigurationList = EFE7C55E1EEFDF0000B34088 /* Build configuration list for PBXProject "Instagram" */;
			compatibilityVersion = "Xcode 8.0";
			developmentRegion = en;
			hasScannedForEncodings = 0;
			knownRegions = (
				en,
				Base,
			);
			mainGroup = EFE7C55A1EEFDF0000B34088;
			productRefGroup = EFE7C5641EEFDF0000B34088 /* Products */;
			projectDirPath = "";
			projectRoot = "";
			targets = (
				EFE7C5621EEFDF0000B34088 /* Instagram */,
				EFE7C5761EEFDF0000B34088 /* InstagramTests */,
				EFE7C5811EEFDF0000B34088 /* InstagramUITests */,
			);
		};
/* End PBXProject section */

/* Begin PBXResourcesBuildPhase section */
		EFE7C5611EEFDF0000B34088 /* Resources */ = {
			isa = PBXResourcesBuildPhase;
			buildActionMask = 2147483647;
			files = (
				EFE7C5711EEFDF0000B34088 /* LaunchScreen.storyboard in Resources */,
				EFE7C56E1EEFDF0000B34088 /* Assets.xcassets in Resources */,
				EFE7C56C1EEFDF0000B34088 /* Main.storyboard in Resources */,
			);
			runOnlyForDeploymentPostprocessing = 0;
		};
		EFE7C5751EEFDF0000B34088 /* Resources */ = {
			isa = PBXResourcesBuildPhase;
			buildActionMask = 2147483647;
			files = (
			);
			runOnlyForDeploymentPostprocessing = 0;
		};
		EFE7C5801EEFDF0000B34088 /* Resources */ = {
			isa = PBXResourcesBuildPhase;
			buildActionMask = 2147483647;
			files = (
			);
			runOnlyForDeploymentPostprocessing = 0;
		};
/* End PBXResourcesBuildPhase section */

/* Begin PBXSourcesBuildPhase section */
		EFE7C55F1EEFDF0000B34088 /* Sources */ = {
			isa = PBXSourcesBuildPhase;
			buildActionMask = 2147483647;
			files = (
				EFE7C5691EEFDF0000B34088 /* ViewController.swift in Sources */,
				EFE7C5671EEFDF0000B34088 /* AppDelegate.swift in Sources */,
			);
			runOnlyForDeploymentPostprocessing = 0;
		};
		EFE7C5731EEFDF0000B34088 /* Sources */ = {
			isa = PBXSourcesBuildPhase;
			buildActionMask = 2147483647;
			files = (
				EFE7C57C1EEFDF0000B34088 /* InstagramTests.swift in Sources */,
			);
			runOnlyForDeploymentPostprocessing = 0;
		};
		EFE7C57E1EEFDF0000B34088 /* Sources */ = {
			isa = PBXSourcesBuildPhase;
			buildActionMask = 2147483647;
			files = (
				EFE7C5871EEFDF0000B34088 /* InstagramUITests.swift in Sources */,
			);
			runOnlyForDeploymentPostprocessing = 0;
		};
/* End PBXSourcesBuildPhase section */

/* Begin PBXTargetDependency section */
		EFE7C5791EEFDF0000B34088 /* PBXTargetDependency */ = {
			isa = PBXTargetDependency;
			target = EFE7C5621EEFDF0000B34088 /* Instagram */;
			targetProxy = EFE7C5781EEFDF0000B34088 /* PBXContainerItemProxy */;
		};
		EFE7C5841EEFDF0000B34088 /* PBXTargetDependency */ = {
			isa = PBXTargetDependency;
			target = EFE7C5621EEFDF0000B34088 /* Instagram */;
			targetProxy = EFE7C5831EEFDF0000B34088 /* PBXContainerItemProxy */;
		};
/* End PBXTargetDependency section */

/* Begin PBXVariantGroup section */
		EFE7C56A1EEFDF0000B34088 /* Main.storyboard */ = {
			isa = PBXVariantGroup;
			children = (
				EFE7C56B1EEFDF0000B34088 /* Base */,
			);
			name = Main.storyboard;
			sourceTree = "<group>";
		};
		EFE7C56F1EEFDF0000B34088 /* LaunchScreen.storyboard */ = {
			isa = PBXVariantGroup;
			children = (
				EFE7C5701EEFDF0000B34088 /* Base */,
			);
			name = LaunchScreen.storyboard;
			sourceTree = "<group>";
		};
/* End PBXVariantGroup section */

/* Begin XCBuildConfiguration section */
		EFE7C5891EEFDF0000B34088 /* Debug */ = {
			isa = XCBuildConfiguration;
			buildSettings = {
				ALWAYS_SEARCH_USER_PATHS = NO;
				CLANG_ANALYZER_NONNULL = YES;
				CLANG_ANALYZER_NUMBER_OBJECT_CONVERSION = YES_AGGRESSIVE;
				CLANG_CXX_LANGUAGE_STANDARD = "gnu++14";
				CLANG_CXX_LIBRARY = "libc++";
				CLANG_ENABLE_MODULES = YES;
				CLANG_ENABLE_OBJC_ARC = YES;
				CLANG_WARN_BLOCK_CAPTURE_AUTORELEASING = YES;
				CLANG_WARN_BOOL_CONVERSION = YES;
				CLANG_WARN_COMMA = YES;
				CLANG_WARN_CONSTANT_CONVERSION = YES;
				CLANG_WARN_DIRECT_OBJC_ISA_USAGE = YES_ERROR;
				CLANG_WARN_DOCUMENTATION_COMMENTS = YES;
				CLANG_WARN_EMPTY_BODY = YES;
				CLANG_WARN_ENUM_CONVERSION = YES;
				CLANG_WARN_INFINITE_RECURSION = YES;
				CLANG_WARN_INT_CONVERSION = YES;
				CLANG_WARN_OBJC_ROOT_CLASS = YES_ERROR;
				CLANG_WARN_RANGE_LOOP_ANALYSIS = YES;
				CLANG_WARN_STRICT_PROTOTYPES = YES;
				CLANG_WARN_SUSPICIOUS_MOVE = YES;
				CLANG_WARN_UNGUARDED_AVAILABILITY = YES_AGGRESSIVE;
				CLANG_WARN_UNREACHABLE_CODE = YES;
				CLANG_WARN__DUPLICATE_METHOD_MATCH = YES;
				CODE_SIGN_IDENTITY = "iPhone Developer";
				COPY_PHASE_STRIP = NO;
				DEBUG_INFORMATION_FORMAT = dwarf;
				ENABLE_STRICT_OBJC_MSGSEND = YES;
				ENABLE_TESTABILITY = YES;
				GCC_C_LANGUAGE_STANDARD = gnu11;
				GCC_DYNAMIC_NO_PIC = NO;
				GCC_NO_COMMON_BLOCKS = YES;
				GCC_OPTIMIZATION_LEVEL = 0;
				GCC_PREPROCESSOR_DEFINITIONS = (
					"DEBUG=1",
					"$(inherited)",
				);
				GCC_WARN_64_TO_32_BIT_CONVERSION = YES;
				GCC_WARN_ABOUT_RETURN_TYPE = YES_ERROR;
				GCC_WARN_UNDECLARED_SELECTOR = YES;
				GCC_WARN_UNINITIALIZED_AUTOS = YES_AGGRESSIVE;
				GCC_WARN_UNUSED_FUNCTION = YES;
				GCC_WARN_UNUSED_VARIABLE = YES;
				IPHONEOS_DEPLOYMENT_TARGET = 11.0;
				MTL_ENABLE_DEBUG_INFO = YES;
				ONLY_ACTIVE_ARCH = YES;
				SDKROOT = iphoneos;
				SWIFT_ACTIVE_COMPILATION_CONDITIONS = DEBUG;
				SWIFT_OPTIMIZATION_LEVEL = "-Onone";
			};
			name = Debug;
		};
		EFE7C58A1EEFDF0000B34088 /* Release */ = {
			isa = XCBuildConfiguration;
			buildSettings = {
				ALWAYS_SEARCH_USER_PATHS = NO;
				CLANG_ANALYZER_NONNULL = YES;
				CLANG_ANALYZER_NUMBER_OBJECT_CONVERSION = YES_AGGRESSIVE;
				CLANG_CXX_LANGUAGE_STANDARD = "gnu++14";
				CLANG_CXX_LIBRARY = "libc++";
				CLANG_ENABLE_MODULES = YES;
				CLANG_ENABLE_OBJC_ARC = YES;
				CLANG_WARN_BLOCK_CAPTURE_AUTORELEASING = YES;
				CLANG_WARN_BOOL_CONVERSION = YES;
				CLANG_WARN_COMMA = YES;
				CLANG_WARN_CONSTANT_CONVERSION = YES;
				CLANG_WARN_DIRECT_OBJC_ISA_USAGE = YES_ERROR;
				CLANG_WARN_DOCUMENTATION_COMMENTS = YES;
				CLANG_WARN_EMPTY_BODY = YES;
				CLANG_WARN_ENUM_CONVERSION = YES;
				CLANG_WARN_INFINITE_RECURSION = YES;
				CLANG_WARN_INT_CONVERSION = YES;
				CLANG_WARN_OBJC_ROOT_CLASS = YES_ERROR;
				CLANG_WARN_RANGE_LOOP_ANALYSIS = YES;
				CLANG_WARN_STRICT_PROTOTYPES = YES;
				CLANG_WARN_SUSPICIOUS_MOVE = YES;
				CLANG_WARN_UNGUARDED_AVAILABILITY = YES_AGGRESSIVE;
				CLANG_WARN_UNREACHABLE_CODE = YES;
				CLANG_WARN__DUPLICATE_METHOD_MATCH = YES;
				CODE_SIGN_IDENTITY = "iPhone Developer";
				COPY_PHASE_STRIP = NO;
				DEBUG_INFORMATION_FORMAT = "dwarf-with-dsym";
				ENABLE_NS_ASSERTIONS = NO;
				ENABLE_STRICT_OBJC_MSGSEND = YES;
				GCC_C_LANGUAGE_STANDARD = gnu11;
				GCC_NO_COMMON_BLOCKS = YES;
				GCC_WARN_64_TO_32_BIT_CONVERSION = YES;
				GCC_WARN_ABOUT_RETURN_TYPE = YES_ERROR;
				GCC_WARN_UNDECLARED_SELECTOR = YES;
				GCC_WARN_UNINITIALIZED_AUTOS = YES_AGGRESSIVE;
				GCC_WARN_UNUSED_FUNCTION = YES;
				GCC_WARN_UNUSED_VARIABLE = YES;
				IPHONEOS_DEPLOYMENT_TARGET = 11.0;
				MTL_ENABLE_DEBUG_INFO = NO;
				SDKROOT = iphoneos;
				SWIFT_OPTIMIZATION_LEVEL = "-Owholemodule";
				VALIDATE_PRODUCT = YES;
			};
			name = Release;
		};
		EFE7C58C1EEFDF0000B34088 /* Debug */ = {
			isa = XCBuildConfiguration;
			buildSettings = {
				ASSETCATALOG_COMPILER_APPICON_NAME = AppIcon;
				INFOPLIST_FILE = Instagram/Info.plist;
				LD_RUNPATH_SEARCH_PATHS = "$(inherited) @executable_path/Frameworks";
				PRODUCT_BUNDLE_IDENTIFIER = com.robpercival.Instagram;
				PRODUCT_NAME = "$(TARGET_NAME)";
				SWIFT_VERSION = 4.0;
				TARGETED_DEVICE_FAMILY = "1,2";
			};
			name = Debug;
		};
		EFE7C58D1EEFDF0000B34088 /* Release */ = {
			isa = XCBuildConfiguration;
			buildSettings = {
				ASSETCATALOG_COMPILER_APPICON_NAME = AppIcon;
				INFOPLIST_FILE = Instagram/Info.plist;
				LD_RUNPATH_SEARCH_PATHS = "$(inherited) @executable_path/Frameworks";
				PRODUCT_BUNDLE_IDENTIFIER = com.robpercival.Instagram;
				PRODUCT_NAME = "$(TARGET_NAME)";
				SWIFT_VERSION = 4.0;
				TARGETED_DEVICE_FAMILY = "1,2";
			};
			name = Release;
		};
		EFE7C58F1EEFDF0000B34088 /* Debug */ = {
			isa = XCBuildConfiguration;
			buildSettings = {
				ALWAYS_EMBED_SWIFT_STANDARD_LIBRARIES = YES;
				BUNDLE_LOADER = "$(TEST_HOST)";
				INFOPLIST_FILE = InstagramTests/Info.plist;
				LD_RUNPATH_SEARCH_PATHS = "$(inherited) @executable_path/Frameworks @loader_path/Frameworks";
				PRODUCT_BUNDLE_IDENTIFIER = com.robpercival.InstagramTests;
				PRODUCT_NAME = "$(TARGET_NAME)";
				SWIFT_VERSION = 4.0;
				TARGETED_DEVICE_FAMILY = "1,2";
				TEST_HOST = "$(BUILT_PRODUCTS_DIR)/Instagram.app/Instagram";
			};
			name = Debug;
		};
		EFE7C5901EEFDF0000B34088 /* Release */ = {
			isa = XCBuildConfiguration;
			buildSettings = {
				ALWAYS_EMBED_SWIFT_STANDARD_LIBRARIES = YES;
				BUNDLE_LOADER = "$(TEST_HOST)";
				INFOPLIST_FILE = InstagramTests/Info.plist;
				LD_RUNPATH_SEARCH_PATHS = "$(inherited) @executable_path/Frameworks @loader_path/Frameworks";
				PRODUCT_BUNDLE_IDENTIFIER = com.robpercival.InstagramTests;
				PRODUCT_NAME = "$(TARGET_NAME)";
				SWIFT_VERSION = 4.0;
				TARGETED_DEVICE_FAMILY = "1,2";
				TEST_HOST = "$(BUILT_PRODUCTS_DIR)/Instagram.app/Instagram";
			};
			name = Release;
		};
		EFE7C5921EEFDF0000B34088 /* Debug */ = {
			isa = XCBuildConfiguration;
			buildSettings = {
				ALWAYS_EMBED_SWIFT_STANDARD_LIBRARIES = YES;
				INFOPLIST_FILE = InstagramUITests/Info.plist;
				LD_RUNPATH_SEARCH_PATHS = "$(inherited) @executable_path/Frameworks @loader_path/Frameworks";
				PRODUCT_BUNDLE_IDENTIFIER = com.robpercival.InstagramUITests;
				PRODUCT_NAME = "$(TARGET_NAME)";
				SWIFT_VERSION = 4.0;
				TARGETED_DEVICE_FAMILY = "1,2";
				TEST_TARGET_NAME = Instagram;
			};
			name = Debug;
		};
		EFE7C5931EEFDF0000B34088 /* Release */ = {
			isa = XCBuildConfiguration;
			buildSettings = {
				ALWAYS_EMBED_SWIFT_STANDARD_LIBRARIES = YES;
				INFOPLIST_FILE = InstagramUITests/Info.plist;
				LD_RUNPATH_SEARCH_PATHS = "$(inherited) @executable_path/Frameworks @loader_path/Frameworks";
				PRODUCT_BUNDLE_IDENTIFIER = com.robpercival.InstagramUITests;
				PRODUCT_NAME = "$(TARGET_NAME)";
				SWIFT_VERSION = 4.0;
				TARGETED_DEVICE_FAMILY = "1,2";
				TEST_TARGET_NAME = Instagram;
			};
			name = Release;
		};
/* End XCBuildConfiguration section */

/* Begin XCConfigurationList section */
		EFE7C55E1EEFDF0000B34088 /* Build configuration list for PBXProject "Instagram" */ = {
			isa = XCConfigurationList;
			buildConfigurations = (
				EFE7C5891EEFDF0000B34088 /* Debug */,
				EFE7C58A1EEFDF0000B34088 /* Release */,
			);
			defaultConfigurationIsVisible = 0;
			defaultConfigurationName = Release;
		};
		EFE7C58B1EEFDF0000B34088 /* Build configuration list for PBXNativeTarget "Instagram" */ = {
			isa = XCConfigurationList;
			buildConfigurations = (
				EFE7C58C1EEFDF0000B34088 /* Debug */,
				EFE7C58D1EEFDF0000B34088 /* Release */,
			);
			defaultConfigurationIsVisible = 0;
		};
		EFE7C58E1EEFDF0000B34088 /* Build configuration list for PBXNativeTarget "InstagramTests" */ = {
			isa = XCConfigurationList;
			buildConfigurations = (
				EFE7C58F1EEFDF0000B34088 /* Debug */,
				EFE7C5901EEFDF0000B34088 /* Release */,
			);
			defaultConfigurationIsVisible = 0;
		};
		EFE7C5911EEFDF0000B34088 /* Build configuration list for PBXNativeTarget "InstagramUITests" */ = {
			isa = XCConfigurationList;
			buildConfigurations = (
				EFE7C5921EEFDF0000B34088 /* Debug */,
				EFE7C5931EEFDF0000B34088 /* Release */,
			);
			defaultConfigurationIsVisible = 0;
		};
/* End XCConfigurationList section */
	};
	rootObject = EFE7C55B1EEFDF0000B34088 /* Project object */;
}
